
Microsoft Visual Studio Solution File, Format Version 12.00
# Visual Studio Version 17
VisualStudioVersion = 17.5.002.0
MinimumVisualStudioVersion = 10.0.40219.1
Project("{9A19103F-16F7-4668-BE54-9A1E7A4F7556}") = "ProjetoApi", "ProjetoApi.csproj", "{A56F47E7-8950-4E1F-925B-9824A237B5B8}"
EndProject
Global
	GlobalSection(SolutionConfigurationPlatforms) = preSolution
		Debug|Any CPU = Debug|Any CPU
		Release|Any CPU = Release|Any CPU
	EndGlobalSection
	GlobalSection(ProjectConfigurationPlatforms) = postSolution
		{A56F47E7-8950-4E1F-925B-9824A237B5B8}.Debug|Any CPU.ActiveCfg = Debug|Any CPU
		{A56F47E7-8950-4E1F-925B-9824A237B5B8}.Debug|Any CPU.Build.0 = Debug|Any CPU
		{A56F47E7-8950-4E1F-925B-9824A237B5B8}.Release|Any CPU.ActiveCfg = Release|Any CPU
		{A56F47E7-8950-4E1F-925B-9824A237B5B8}.Release|Any CPU.Build.0 = Release|Any CPU
	EndGlobalSection
	GlobalSection(SolutionProperties) = preSolution
		HideSolutionNode = FALSE
	EndGlobalSection
	GlobalSection(ExtensibilityGlobals) = postSolution
		SolutionGuid = {60648A18-6A91-47A6-8B96-31EF23B1D056}
	EndGlobalSection
EndGlobal
